
Microsoft Visual Studio Solution File, Format Version 10.00
# Visual Studio 2008
Project("{8BC9CEB8-8B4A-11D0-8D11-00A0C91BC942}") = "DaShan", "DaShan.vcproj", "{D9EDABDF-F6FC-4540-8D5C-B25CBD847750}"
EndProject
Global
	GlobalSection(SolutionConfigurationPlatforms) = preSolution
		Debug|Win32 = Debug|Win32
		Release|Win32 = Release|Win32
	EndGlobalSection
	GlobalSection(ProjectConfigurationPlatforms) = postSolution
		{D9EDABDF-F6FC-4540-8D5C-B25CBD847750}.Debug|Win32.ActiveCfg = Debug|Win32
		{D9EDABDF-F6FC-4540-8D5C-B25CBD847750}.Debug|Win32.Build.0 = Debug|Win32
		{D9EDABDF-F6FC-4540-8D5C-B25CBD847750}.Release|Win32.ActiveCfg = Release|Win32
		{D9EDABDF-F6FC-4540-8D5C-B25CBD847750}.Release|Win32.Build.0 = Release|Win32
	EndGlobalSection
	GlobalSection(SolutionProperties) = preSolution
		HideSolutionNode = FALSE
	EndGlobalSection
EndGlobal
